
Microsoft Visual Studio Solution File, Format Version 11.00
# Visual Studio 2010
Project("{FAE04EC0-301F-11D3-BF4B-00C04F79EFBC}") = "Script2DPrj", "Script2DPrj\Script2DPrj.csproj", "{75CB74AE-B6FB-4D0E-A74F-DC2D14A4F578}"
EndProject
Global
	GlobalSection(SolutionConfigurationPlatforms) = preSolution
		Debug|x86 = Debug|x86
		Release|x86 = Release|x86
	EndGlobalSection
	GlobalSection(ProjectConfigurationPlatforms) = postSolution
		{75CB74AE-B6FB-4D0E-A74F-DC2D14A4F578}.Debug|x86.ActiveCfg = Debug|x86
		{75CB74AE-B6FB-4D0E-A74F-DC2D14A4F578}.Debug|x86.Build.0 = Debug|x86
		{75CB74AE-B6FB-4D0E-A74F-DC2D14A4F578}.Release|x86.ActiveCfg = Release|x86
		{75CB74AE-B6FB-4D0E-A74F-DC2D14A4F578}.Release|x86.Build.0 = Release|x86
	EndGlobalSection
	GlobalSection(SolutionProperties) = preSolution
		HideSolutionNode = FALSE
	EndGlobalSection
EndGlobal
